
Microsoft Visual Studio Solution File, Format Version 12.00
Project("{FAE04EC0-301F-11D3-BF4B-00C04F79EFBC}") = "Exercicio01", "Exercicio01\Exercicio01.csproj", "{9242F450-7FFF-449E-91C1-C4E337735D56}"
EndProject
Global
	GlobalSection(SolutionConfigurationPlatforms) = preSolution
		Debug|Any CPU = Debug|Any CPU
		Release|Any CPU = Release|Any CPU
	EndGlobalSection
	GlobalSection(ProjectConfigurationPlatforms) = postSolution
		{9242F450-7FFF-449E-91C1-C4E337735D56}.Debug|Any CPU.ActiveCfg = Debug|Any CPU
		{9242F450-7FFF-449E-91C1-C4E337735D56}.Debug|Any CPU.Build.0 = Debug|Any CPU
		{9242F450-7FFF-449E-91C1-C4E337735D56}.Release|Any CPU.ActiveCfg = Release|Any CPU
		{9242F450-7FFF-449E-91C1-C4E337735D56}.Release|Any CPU.Build.0 = Release|Any CPU
	EndGlobalSection
EndGlobal
